
Microsoft Visual Studio Solution File, Format Version 12.00
# Visual Studio 14
VisualStudioVersion = 14.0.24720.0
MinimumVisualStudioVersion = 10.0.40219.1
Project("{8BB2217D-0F2D-49D1-97BC-3654ED321F3B}") = "Teloqui", "Teloqui\Teloqui.xproj", "{4D7F130D-7064-4A22-989C-F9F41DBCEB90}"
EndProject
Project("{2150E333-8FDC-42A3-9474-1A3956D46DE8}") = "Solution Items", "Solution Items", "{769C30F9-2CBC-4386-B35B-CE40000D2A3B}"
	ProjectSection(SolutionItems) = preProject
		global.json = global.json
	EndProjectSection
EndProject
Project("{8BB2217D-0F2D-49D1-97BC-3654ED321F3B}") = "Teloqui.Tests", "Teloqui.Tests\Teloqui.Tests.xproj", "{22D776BF-CAFE-473B-A3A5-A847AFCE8B76}"
EndProject
Project("{8BB2217D-0F2D-49D1-97BC-3654ED321F3B}") = "Teloqui.PollingSample", "Teloqui.PollingSample\Teloqui.PollingSample.xproj", "{CD36CD04-8A02-46DB-AE21-5538D32ECA0A}"
EndProject
Global
	GlobalSection(SolutionConfigurationPlatforms) = preSolution
		Debug|Any CPU = Debug|Any CPU
		Release|Any CPU = Release|Any CPU
	EndGlobalSection
	GlobalSection(ProjectConfigurationPlatforms) = postSolution
		{4D7F130D-7064-4A22-989C-F9F41DBCEB90}.Debug|Any CPU.ActiveCfg = Debug|Any CPU
		{4D7F130D-7064-4A22-989C-F9F41DBCEB90}.Debug|Any CPU.Build.0 = Debug|Any CPU
		{4D7F130D-7064-4A22-989C-F9F41DBCEB90}.Release|Any CPU.ActiveCfg = Release|Any CPU
		{4D7F130D-7064-4A22-989C-F9F41DBCEB90}.Release|Any CPU.Build.0 = Release|Any CPU
		{22D776BF-CAFE-473B-A3A5-A847AFCE8B76}.Debug|Any CPU.ActiveCfg = Debug|Any CPU
		{22D776BF-CAFE-473B-A3A5-A847AFCE8B76}.Debug|Any CPU.Build.0 = Debug|Any CPU
		{22D776BF-CAFE-473B-A3A5-A847AFCE8B76}.Release|Any CPU.ActiveCfg = Release|Any CPU
		{22D776BF-CAFE-473B-A3A5-A847AFCE8B76}.Release|Any CPU.Build.0 = Release|Any CPU
		{CD36CD04-8A02-46DB-AE21-5538D32ECA0A}.Debug|Any CPU.ActiveCfg = Debug|Any CPU
		{CD36CD04-8A02-46DB-AE21-5538D32ECA0A}.Debug|Any CPU.Build.0 = Debug|Any CPU
		{CD36CD04-8A02-46DB-AE21-5538D32ECA0A}.Release|Any CPU.ActiveCfg = Release|Any CPU
		{CD36CD04-8A02-46DB-AE21-5538D32ECA0A}.Release|Any CPU.Build.0 = Release|Any CPU
	EndGlobalSection
	GlobalSection(SolutionProperties) = preSolution
		HideSolutionNode = FALSE
	EndGlobalSection
EndGlobal
